
Microsoft Visual Studio Solution File, Format Version 12.00
# Visual Studio Version 17
VisualStudioVersion = 17.13.35825.156 d17.13
MinimumVisualStudioVersion = 10.0.40219.1
Project("{FAE04EC0-301F-11D3-BF4B-00C04F79EFBC}") = "FlightManagementCompany", "FlightManagementCompany.csproj", "{423F854A-F735-4F1C-A380-0E9E4E80D9A9}"
EndProject
Global
	GlobalSection(SolutionConfigurationPlatforms) = preSolution
		Debug|Any CPU = Debug|Any CPU
		Release|Any CPU = Release|Any CPU
	EndGlobalSection
	GlobalSection(ProjectConfigurationPlatforms) = postSolution
		{423F854A-F735-4F1C-A380-0E9E4E80D9A9}.Debug|Any CPU.ActiveCfg = Debug|Any CPU
		{423F854A-F735-4F1C-A380-0E9E4E80D9A9}.Debug|Any CPU.Build.0 = Debug|Any CPU
		{423F854A-F735-4F1C-A380-0E9E4E80D9A9}.Release|Any CPU.ActiveCfg = Release|Any CPU
		{423F854A-F735-4F1C-A380-0E9E4E80D9A9}.Release|Any CPU.Build.0 = Release|Any CPU
	EndGlobalSection
	GlobalSection(SolutionProperties) = preSolution
		HideSolutionNode = FALSE
	EndGlobalSection
	GlobalSection(ExtensibilityGlobals) = postSolution
		SolutionGuid = {2A157E37-D5B1-40DB-ACEC-E706005B5A82}
	EndGlobalSection
EndGlobal
